
Microsoft Visual Studio Solution File, Format Version 12.00
# Visual Studio 15
VisualStudioVersion = 15.0.28307.1022
MinimumVisualStudioVersion = 10.0.40219.1
Project("{FAE04EC0-301F-11D3-BF4B-00C04F79EFBC}") = "SpeachRecognition", "SpeachRecognition\SpeachRecognition.csproj", "{C0F0B05B-8968-4D04-A204-BE36843BEC10}"
EndProject
Global
	GlobalSection(SolutionConfigurationPlatforms) = preSolution
		Debug|Any CPU = Debug|Any CPU
		Release|Any CPU = Release|Any CPU
	EndGlobalSection
	GlobalSection(ProjectConfigurationPlatforms) = postSolution
		{C0F0B05B-8968-4D04-A204-BE36843BEC10}.Debug|Any CPU.ActiveCfg = Debug|Any CPU
		{C0F0B05B-8968-4D04-A204-BE36843BEC10}.Debug|Any CPU.Build.0 = Debug|Any CPU
		{C0F0B05B-8968-4D04-A204-BE36843BEC10}.Release|Any CPU.ActiveCfg = Release|Any CPU
		{C0F0B05B-8968-4D04-A204-BE36843BEC10}.Release|Any CPU.Build.0 = Release|Any CPU
	EndGlobalSection
	GlobalSection(SolutionProperties) = preSolution
		HideSolutionNode = FALSE
	EndGlobalSection
	GlobalSection(ExtensibilityGlobals) = postSolution
		SolutionGuid = {B6B914F9-BD1C-48DE-A26C-B4D23772863D}
	EndGlobalSection
EndGlobal
